
Microsoft Visual Studio Solution File, Format Version 12.00
# Visual Studio Version 16
VisualStudioVersion = 16.0.28809.33
MinimumVisualStudioVersion = 10.0.40219.1
Project("{9A19103F-16F7-4668-BE54-9A1E7A4F7556}") = "Graph", "Graph\Graph.csproj", "{558C78C3-98AC-4AB8-BEA9-AEC727E7D605}"
EndProject
Global
	GlobalSection(SolutionConfigurationPlatforms) = preSolution
		Debug|Any CPU = Debug|Any CPU
		Release|Any CPU = Release|Any CPU
	EndGlobalSection
	GlobalSection(ProjectConfigurationPlatforms) = postSolution
		{558C78C3-98AC-4AB8-BEA9-AEC727E7D605}.Debug|Any CPU.ActiveCfg = Debug|Any CPU
		{558C78C3-98AC-4AB8-BEA9-AEC727E7D605}.Debug|Any CPU.Build.0 = Debug|Any CPU
		{558C78C3-98AC-4AB8-BEA9-AEC727E7D605}.Release|Any CPU.ActiveCfg = Release|Any CPU
		{558C78C3-98AC-4AB8-BEA9-AEC727E7D605}.Release|Any CPU.Build.0 = Release|Any CPU
	EndGlobalSection
	GlobalSection(SolutionProperties) = preSolution
		HideSolutionNode = FALSE
	EndGlobalSection
	GlobalSection(ExtensibilityGlobals) = postSolution
		SolutionGuid = {04641136-AE7B-4098-A19F-9BFA4CDF4E3A}
	EndGlobalSection
EndGlobal
